
Microsoft Visual Studio Solution File, Format Version 12.00
# Visual Studio Version 16
VisualStudioVersion = 16.0.29926.136
MinimumVisualStudioVersion = 10.0.40219.1
Project("{9A19103F-16F7-4668-BE54-9A1E7A4F7556}") = "0.PhoneInterview", "PhoneInterview\0.PhoneInterview.csproj", "{6BF566F7-4FC6-4A79-A687-ABBFB2CB0A6D}"
EndProject
Project("{2150E333-8FDC-42A3-9474-1A3956D46DE8}") = "VideoInterviews", "VideoInterviews", "{C1BCBE32-8CB0-42A2-AE79-7B01C89FAA2B}"
EndProject
Project("{9A19103F-16F7-4668-BE54-9A1E7A4F7556}") = "1.StreamNumbers", "StreamNumbers\1.StreamNumbers.csproj", "{19CB6996-6239-49F4-ADB9-318D31899EB3}"
EndProject
Project("{9A19103F-16F7-4668-BE54-9A1E7A4F7556}") = "2.LinkedListLength", "LinkedListLength\2.LinkedListLength.csproj", "{23C15A65-DFA3-4EF1-99CC-CF01B6F2074F}"
EndProject
Project("{9A19103F-16F7-4668-BE54-9A1E7A4F7556}") = "3.ConsecutiveArraySum", "ConsecutiveArraySum\3.ConsecutiveArraySum.csproj", "{5327A4BC-D2C7-44E8-8D27-F964B3923778}"
EndProject
Project("{9A19103F-16F7-4668-BE54-9A1E7A4F7556}") = "4.MessageQueue", "MessageQueue\4.MessageQueue.csproj", "{E75D1233-AC30-47C8-905E-2777C284A963}"
EndProject
Project("{2150E333-8FDC-42A3-9474-1A3956D46DE8}") = "Micrecend", "Micrecend", "{3035B488-6935-4788-8F11-A9E58EFC5383}"
EndProject
Project("{FAE04EC0-301F-11D3-BF4B-00C04F79EFBC}") = "0.StringTest", "StringTest\0.StringTest.csproj", "{0D8CB3B1-61CB-4B1D-80BF-4BFC70D764F0}"
EndProject
Project("{FAE04EC0-301F-11D3-BF4B-00C04F79EFBC}") = "1.LinkedListTest", "LinkedListTest\1.LinkedListTest.csproj", "{86F702B8-A5DF-4331-B075-B35E6B98873E}"
EndProject
Project("{2150E333-8FDC-42A3-9474-1A3956D46DE8}") = "Microsoft", "Microsoft", "{2E206857-8E93-4DEE-BA18-8B14E3A33402}"
EndProject
Project("{2150E333-8FDC-42A3-9474-1A3956D46DE8}") = "One", "One", "{B1BF784A-A973-4600-8435-AEAE4FA39C69}"
EndProject
Project("{2150E333-8FDC-42A3-9474-1A3956D46DE8}") = "Two", "Two", "{0F177F08-2647-4ACF-A0BE-0EC6A16632B1}"
EndProject
Global
	GlobalSection(SolutionConfigurationPlatforms) = preSolution
		Debug|Any CPU = Debug|Any CPU
		Release|Any CPU = Release|Any CPU
	EndGlobalSection
	GlobalSection(ProjectConfigurationPlatforms) = postSolution
		{6BF566F7-4FC6-4A79-A687-ABBFB2CB0A6D}.Debug|Any CPU.ActiveCfg = Debug|Any CPU
		{6BF566F7-4FC6-4A79-A687-ABBFB2CB0A6D}.Debug|Any CPU.Build.0 = Debug|Any CPU
		{6BF566F7-4FC6-4A79-A687-ABBFB2CB0A6D}.Release|Any CPU.ActiveCfg = Release|Any CPU
		{6BF566F7-4FC6-4A79-A687-ABBFB2CB0A6D}.Release|Any CPU.Build.0 = Release|Any CPU
		{19CB6996-6239-49F4-ADB9-318D31899EB3}.Debug|Any CPU.ActiveCfg = Debug|Any CPU
		{19CB6996-6239-49F4-ADB9-318D31899EB3}.Debug|Any CPU.Build.0 = Debug|Any CPU
		{19CB6996-6239-49F4-ADB9-318D31899EB3}.Release|Any CPU.ActiveCfg = Release|Any CPU
		{19CB6996-6239-49F4-ADB9-318D31899EB3}.Release|Any CPU.Build.0 = Release|Any CPU
		{23C15A65-DFA3-4EF1-99CC-CF01B6F2074F}.Debug|Any CPU.ActiveCfg = Debug|Any CPU
		{23C15A65-DFA3-4EF1-99CC-CF01B6F2074F}.Debug|Any CPU.Build.0 = Debug|Any CPU
		{23C15A65-DFA3-4EF1-99CC-CF01B6F2074F}.Release|Any CPU.ActiveCfg = Release|Any CPU
		{23C15A65-DFA3-4EF1-99CC-CF01B6F2074F}.Release|Any CPU.Build.0 = Release|Any CPU
		{5327A4BC-D2C7-44E8-8D27-F964B3923778}.Debug|Any CPU.ActiveCfg = Debug|Any CPU
		{5327A4BC-D2C7-44E8-8D27-F964B3923778}.Debug|Any CPU.Build.0 = Debug|Any CPU
		{5327A4BC-D2C7-44E8-8D27-F964B3923778}.Release|Any CPU.ActiveCfg = Release|Any CPU
		{5327A4BC-D2C7-44E8-8D27-F964B3923778}.Release|Any CPU.Build.0 = Release|Any CPU
		{E75D1233-AC30-47C8-905E-2777C284A963}.Debug|Any CPU.ActiveCfg = Debug|Any CPU
		{E75D1233-AC30-47C8-905E-2777C284A963}.Debug|Any CPU.Build.0 = Debug|Any CPU
		{E75D1233-AC30-47C8-905E-2777C284A963}.Release|Any CPU.ActiveCfg = Release|Any CPU
		{E75D1233-AC30-47C8-905E-2777C284A963}.Release|Any CPU.Build.0 = Release|Any CPU
		{0D8CB3B1-61CB-4B1D-80BF-4BFC70D764F0}.Debug|Any CPU.ActiveCfg = Debug|Any CPU
		{0D8CB3B1-61CB-4B1D-80BF-4BFC70D764F0}.Debug|Any CPU.Build.0 = Debug|Any CPU
		{0D8CB3B1-61CB-4B1D-80BF-4BFC70D764F0}.Release|Any CPU.ActiveCfg = Release|Any CPU
		{0D8CB3B1-61CB-4B1D-80BF-4BFC70D764F0}.Release|Any CPU.Build.0 = Release|Any CPU
		{86F702B8-A5DF-4331-B075-B35E6B98873E}.Debug|Any CPU.ActiveCfg = Debug|Any CPU
		{86F702B8-A5DF-4331-B075-B35E6B98873E}.Debug|Any CPU.Build.0 = Debug|Any CPU
		{86F702B8-A5DF-4331-B075-B35E6B98873E}.Release|Any CPU.ActiveCfg = Release|Any CPU
		{86F702B8-A5DF-4331-B075-B35E6B98873E}.Release|Any CPU.Build.0 = Release|Any CPU
	EndGlobalSection
	GlobalSection(SolutionProperties) = preSolution
		HideSolutionNode = FALSE
	EndGlobalSection
	GlobalSection(NestedProjects) = preSolution
		{6BF566F7-4FC6-4A79-A687-ABBFB2CB0A6D} = {2E206857-8E93-4DEE-BA18-8B14E3A33402}
		{C1BCBE32-8CB0-42A2-AE79-7B01C89FAA2B} = {2E206857-8E93-4DEE-BA18-8B14E3A33402}
		{19CB6996-6239-49F4-ADB9-318D31899EB3} = {C1BCBE32-8CB0-42A2-AE79-7B01C89FAA2B}
		{23C15A65-DFA3-4EF1-99CC-CF01B6F2074F} = {C1BCBE32-8CB0-42A2-AE79-7B01C89FAA2B}
		{5327A4BC-D2C7-44E8-8D27-F964B3923778} = {C1BCBE32-8CB0-42A2-AE79-7B01C89FAA2B}
		{E75D1233-AC30-47C8-905E-2777C284A963} = {C1BCBE32-8CB0-42A2-AE79-7B01C89FAA2B}
		{0D8CB3B1-61CB-4B1D-80BF-4BFC70D764F0} = {B1BF784A-A973-4600-8435-AEAE4FA39C69}
		{86F702B8-A5DF-4331-B075-B35E6B98873E} = {B1BF784A-A973-4600-8435-AEAE4FA39C69}
		{B1BF784A-A973-4600-8435-AEAE4FA39C69} = {3035B488-6935-4788-8F11-A9E58EFC5383}
		{0F177F08-2647-4ACF-A0BE-0EC6A16632B1} = {3035B488-6935-4788-8F11-A9E58EFC5383}
	EndGlobalSection
	GlobalSection(ExtensibilityGlobals) = postSolution
		SolutionGuid = {6926AA0B-8680-4E2B-9A04-7952288A5E48}
	EndGlobalSection
EndGlobal
